
Microsoft Visual Studio Solution File, Format Version 12.00
# Visual Studio Version 16
VisualStudioVersion = 16.0.29519.181
MinimumVisualStudioVersion = 10.0.40219.1
Project("{FAE04EC0-301F-11D3-BF4B-00C04F79EFBC}") = "ReservationWebApp", "ReservationWebApp.csproj", "{06896F1F-221E-4789-9B87-BD7B5EB5FEBF}"
EndProject
Global
	GlobalSection(SolutionConfigurationPlatforms) = preSolution
		Debug|Any CPU = Debug|Any CPU
		Release|Any CPU = Release|Any CPU
	EndGlobalSection
	GlobalSection(ProjectConfigurationPlatforms) = postSolution
		{06896F1F-221E-4789-9B87-BD7B5EB5FEBF}.Debug|Any CPU.ActiveCfg = Debug|Any CPU
		{06896F1F-221E-4789-9B87-BD7B5EB5FEBF}.Debug|Any CPU.Build.0 = Debug|Any CPU
		{06896F1F-221E-4789-9B87-BD7B5EB5FEBF}.Release|Any CPU.ActiveCfg = Release|Any CPU
		{06896F1F-221E-4789-9B87-BD7B5EB5FEBF}.Release|Any CPU.Build.0 = Release|Any CPU
	EndGlobalSection
	GlobalSection(SolutionProperties) = preSolution
		HideSolutionNode = FALSE
	EndGlobalSection
	GlobalSection(ExtensibilityGlobals) = postSolution
		SolutionGuid = {575639E3-3772-4691-A768-35F5C8DB50C2}
	EndGlobalSection
EndGlobal
